
Microsoft Visual Studio Solution File, Format Version 12.00
# Visual Studio 14
VisualStudioVersion = 14.0.23107.0
MinimumVisualStudioVersion = 10.0.40219.1
Project("{2150E333-8FDC-42A3-9474-1A3956D46DE8}") = "Tests", "Tests", "{78AA7CBB-023F-41E0-A9F7-E0F6AA3EA90E}"
EndProject
Project("{2150E333-8FDC-42A3-9474-1A3956D46DE8}") = "Common", "Common", "{570F9D34-F748-46C2-B067-017F2B950C49}"
EndProject
Project("{2150E333-8FDC-42A3-9474-1A3956D46DE8}") = "Tools", "Tools", "{938D69BB-A8CC-4806-96D2-8D21F0759D62}"
EndProject
Project("{2150E333-8FDC-42A3-9474-1A3956D46DE8}") = "Clients", "Clients", "{1E47F70A-A8F6-4454-B20F-30E7484FC952}"
EndProject
Project("{2150E333-8FDC-42A3-9474-1A3956D46DE8}") = "NuGets", "NuGets", "{AA1FE0C9-B766-4BEC-8BB6-481715C6AF28}"
EndProject
Project("{2150E333-8FDC-42A3-9474-1A3956D46DE8}") = "Setups", "Setups", "{8F40642F-BDEE-40ED-95AE-FF13B130DAF8}"
EndProject
Project("{2150E333-8FDC-42A3-9474-1A3956D46DE8}") = "Solution Items", "Solution Items", "{BDFCDDA3-4B12-4FF8-8B34-80794256FCFC}"
	ProjectSection(SolutionItems) = preProject
		Solution Items\AssemblyInfo.Common.cs = Solution Items\AssemblyInfo.Common.cs
		Solution Items\Reactive.Contrib.snk = Solution Items\Reactive.Contrib.snk
		Solution Items\VisualRx.Version.targets = Solution Items\VisualRx.Version.targets
	EndProjectSection
EndProject
Project("{FAE04EC0-301F-11D3-BF4B-00C04F79EFBC}") = "VisualRx.Contracts", "Common\VisualRx.Contracts\VisualRx.Contracts.csproj", "{BA07D849-D696-4843-93FE-DB64CD831A5F}"
EndProject
Project("{FAE04EC0-301F-11D3-BF4B-00C04F79EFBC}") = "VisualRx.UnitTests", "Tests\VisualRx.UnitTests\VisualRx.UnitTests.csproj", "{733A6050-CD09-46EB-A8D7-835F43F51C52}"
EndProject
Global
	GlobalSection(SolutionConfigurationPlatforms) = preSolution
		Debug|Any CPU = Debug|Any CPU
		Release|Any CPU = Release|Any CPU
	EndGlobalSection
	GlobalSection(ProjectConfigurationPlatforms) = postSolution
		{BA07D849-D696-4843-93FE-DB64CD831A5F}.Debug|Any CPU.ActiveCfg = Debug|Any CPU
		{BA07D849-D696-4843-93FE-DB64CD831A5F}.Debug|Any CPU.Build.0 = Debug|Any CPU
		{BA07D849-D696-4843-93FE-DB64CD831A5F}.Release|Any CPU.ActiveCfg = Release|Any CPU
		{BA07D849-D696-4843-93FE-DB64CD831A5F}.Release|Any CPU.Build.0 = Release|Any CPU
		{733A6050-CD09-46EB-A8D7-835F43F51C52}.Debug|Any CPU.ActiveCfg = Debug|Any CPU
		{733A6050-CD09-46EB-A8D7-835F43F51C52}.Debug|Any CPU.Build.0 = Debug|Any CPU
		{733A6050-CD09-46EB-A8D7-835F43F51C52}.Release|Any CPU.ActiveCfg = Release|Any CPU
		{733A6050-CD09-46EB-A8D7-835F43F51C52}.Release|Any CPU.Build.0 = Release|Any CPU
	EndGlobalSection
	GlobalSection(SolutionProperties) = preSolution
		HideSolutionNode = FALSE
	EndGlobalSection
	GlobalSection(NestedProjects) = preSolution
		{BA07D849-D696-4843-93FE-DB64CD831A5F} = {570F9D34-F748-46C2-B067-017F2B950C49}
		{733A6050-CD09-46EB-A8D7-835F43F51C52} = {78AA7CBB-023F-41E0-A9F7-E0F6AA3EA90E}
	EndGlobalSection
EndGlobal
